
Microsoft Visual Studio Solution File, Format Version 12.00
# Visual Studio Version 16
VisualStudioVersion = 16.0.31313.79
MinimumVisualStudioVersion = 10.0.40219.1
Project("{8BC9CEB8-8B4A-11D0-8D11-00A0C91BC942}") = "DynamicNativeLibrary1", "DynamicNativeLibrary1\DynamicNativeLibrary1.vcxproj", "{23207523-1FD0-42B7-92C5-F30BC7AC834F}"
EndProject
Project("{FAE04EC0-301F-11D3-BF4B-00C04F79EFBC}") = "ConsoleAppDllImport", "ConsoleAppDllImport\ConsoleAppDllImport.csproj", "{434D5BC6-009A-4D56-BEAF-1737D63C8E9B}"
EndProject
Project("{8BC9CEB8-8B4A-11D0-8D11-00A0C91BC942}") = "DynamicNativeLibrary2", "DynamicNativeLibrary2\DynamicNativeLibrary2.vcxproj", "{362713EC-21C1-4CD7-8189-C2AD749DFF98}"
EndProject
Project("{2150E333-8FDC-42A3-9474-1A3956D46DE8}") = "Solution Items", "Solution Items", "{825B4813-C8A4-4A08-935B-F7B574B78D69}"
	ProjectSection(SolutionItems) = preProject
		README.txt = README.txt
	EndProjectSection
EndProject
Project("{FAE04EC0-301F-11D3-BF4B-00C04F79EFBC}") = "ConsoleAppDynamicManagedWrapper", "ConsoleAppDynamicManagedWrapper\ConsoleAppDynamicManagedWrapper.csproj", "{479C2E3E-15D7-480A-B591-E8D9F9BBB53A}"
EndProject
Project("{8BC9CEB8-8B4A-11D0-8D11-00A0C91BC942}") = "DynamicManagedWrapper1", "DynamicManagedWrapper1\DynamicManagedWrapper1.vcxproj", "{57FF51CB-ECE6-44D2-B9E1-C876FAC335B1}"
EndProject
Project("{8BC9CEB8-8B4A-11D0-8D11-00A0C91BC942}") = "DynamicManagedWrapper2", "DynamicManagedWrapper2\DynamicManagedWrapper2.vcxproj", "{69120198-4EBB-45EF-AE57-544F650AD091}"
EndProject
Project("{FAE04EC0-301F-11D3-BF4B-00C04F79EFBC}") = "ConsoleAppStaticManagedWrapper", "ConsoleAppStaticManagedWrapper\ConsoleAppStaticManagedWrapper.csproj", "{424C76A2-4E3D-4981-A000-26D05E50850D}"
EndProject
Project("{8BC9CEB8-8B4A-11D0-8D11-00A0C91BC942}") = "StaticNativeLibrary1", "StaticNativeLibrary1\StaticNativeLibrary1.vcxproj", "{8A4D1D79-C987-46FE-832B-E09670BB4D8F}"
EndProject
Project("{8BC9CEB8-8B4A-11D0-8D11-00A0C91BC942}") = "StaticManagedWrapper1", "StaticManagedWrapper1\StaticManagedWrapper1.vcxproj", "{3B49D350-2CBF-4288-841A-90DC91E747B7}"
EndProject
Project("{8BC9CEB8-8B4A-11D0-8D11-00A0C91BC942}") = "StaticNativeLibrary2", "StaticNativeLibrary2\StaticNativeLibrary2.vcxproj", "{DD3E054D-54A8-4D09-8488-918DDB92705F}"
EndProject
Project("{8BC9CEB8-8B4A-11D0-8D11-00A0C91BC942}") = "StaticManagedWrapper2", "StaticManagedWrapper2\StaticManagedWrapper2.vcxproj", "{9A109593-6025-441A-AE38-EFF4018CAA23}"
EndProject
Global
	GlobalSection(SolutionConfigurationPlatforms) = preSolution
		Debug|Any CPU = Debug|Any CPU
		Debug|x64 = Debug|x64
		Debug|x86 = Debug|x86
		Release|Any CPU = Release|Any CPU
		Release|x64 = Release|x64
		Release|x86 = Release|x86
	EndGlobalSection
	GlobalSection(ProjectConfigurationPlatforms) = postSolution
		{23207523-1FD0-42B7-92C5-F30BC7AC834F}.Debug|Any CPU.ActiveCfg = Debug|Win32
		{23207523-1FD0-42B7-92C5-F30BC7AC834F}.Debug|x64.ActiveCfg = Debug|x64
		{23207523-1FD0-42B7-92C5-F30BC7AC834F}.Debug|x64.Build.0 = Debug|x64
		{23207523-1FD0-42B7-92C5-F30BC7AC834F}.Debug|x86.ActiveCfg = Debug|Win32
		{23207523-1FD0-42B7-92C5-F30BC7AC834F}.Debug|x86.Build.0 = Debug|Win32
		{23207523-1FD0-42B7-92C5-F30BC7AC834F}.Release|Any CPU.ActiveCfg = Release|Win32
		{23207523-1FD0-42B7-92C5-F30BC7AC834F}.Release|x64.ActiveCfg = Release|x64
		{23207523-1FD0-42B7-92C5-F30BC7AC834F}.Release|x64.Build.0 = Release|x64
		{23207523-1FD0-42B7-92C5-F30BC7AC834F}.Release|x86.ActiveCfg = Release|Win32
		{23207523-1FD0-42B7-92C5-F30BC7AC834F}.Release|x86.Build.0 = Release|Win32
		{434D5BC6-009A-4D56-BEAF-1737D63C8E9B}.Debug|Any CPU.ActiveCfg = Debug|Any CPU
		{434D5BC6-009A-4D56-BEAF-1737D63C8E9B}.Debug|Any CPU.Build.0 = Debug|Any CPU
		{434D5BC6-009A-4D56-BEAF-1737D63C8E9B}.Debug|x64.ActiveCfg = Debug|Any CPU
		{434D5BC6-009A-4D56-BEAF-1737D63C8E9B}.Debug|x64.Build.0 = Debug|Any CPU
		{434D5BC6-009A-4D56-BEAF-1737D63C8E9B}.Debug|x86.ActiveCfg = Debug|Any CPU
		{434D5BC6-009A-4D56-BEAF-1737D63C8E9B}.Debug|x86.Build.0 = Debug|Any CPU
		{434D5BC6-009A-4D56-BEAF-1737D63C8E9B}.Release|Any CPU.ActiveCfg = Release|Any CPU
		{434D5BC6-009A-4D56-BEAF-1737D63C8E9B}.Release|Any CPU.Build.0 = Release|Any CPU
		{434D5BC6-009A-4D56-BEAF-1737D63C8E9B}.Release|x64.ActiveCfg = Release|Any CPU
		{434D5BC6-009A-4D56-BEAF-1737D63C8E9B}.Release|x64.Build.0 = Release|Any CPU
		{434D5BC6-009A-4D56-BEAF-1737D63C8E9B}.Release|x86.ActiveCfg = Release|Any CPU
		{434D5BC6-009A-4D56-BEAF-1737D63C8E9B}.Release|x86.Build.0 = Release|Any CPU
		{362713EC-21C1-4CD7-8189-C2AD749DFF98}.Debug|Any CPU.ActiveCfg = Debug|Win32
		{362713EC-21C1-4CD7-8189-C2AD749DFF98}.Debug|x64.ActiveCfg = Debug|x64
		{362713EC-21C1-4CD7-8189-C2AD749DFF98}.Debug|x64.Build.0 = Debug|x64
		{362713EC-21C1-4CD7-8189-C2AD749DFF98}.Debug|x86.ActiveCfg = Debug|Win32
		{362713EC-21C1-4CD7-8189-C2AD749DFF98}.Debug|x86.Build.0 = Debug|Win32
		{362713EC-21C1-4CD7-8189-C2AD749DFF98}.Release|Any CPU.ActiveCfg = Release|Win32
		{362713EC-21C1-4CD7-8189-C2AD749DFF98}.Release|x64.ActiveCfg = Release|x64
		{362713EC-21C1-4CD7-8189-C2AD749DFF98}.Release|x64.Build.0 = Release|x64
		{362713EC-21C1-4CD7-8189-C2AD749DFF98}.Release|x86.ActiveCfg = Release|Win32
		{362713EC-21C1-4CD7-8189-C2AD749DFF98}.Release|x86.Build.0 = Release|Win32
		{479C2E3E-15D7-480A-B591-E8D9F9BBB53A}.Debug|Any CPU.ActiveCfg = Debug|Any CPU
		{479C2E3E-15D7-480A-B591-E8D9F9BBB53A}.Debug|Any CPU.Build.0 = Debug|Any CPU
		{479C2E3E-15D7-480A-B591-E8D9F9BBB53A}.Debug|x64.ActiveCfg = Debug|Any CPU
		{479C2E3E-15D7-480A-B591-E8D9F9BBB53A}.Debug|x64.Build.0 = Debug|Any CPU
		{479C2E3E-15D7-480A-B591-E8D9F9BBB53A}.Debug|x86.ActiveCfg = Debug|Any CPU
		{479C2E3E-15D7-480A-B591-E8D9F9BBB53A}.Debug|x86.Build.0 = Debug|Any CPU
		{479C2E3E-15D7-480A-B591-E8D9F9BBB53A}.Release|Any CPU.ActiveCfg = Release|Any CPU
		{479C2E3E-15D7-480A-B591-E8D9F9BBB53A}.Release|Any CPU.Build.0 = Release|Any CPU
		{479C2E3E-15D7-480A-B591-E8D9F9BBB53A}.Release|x64.ActiveCfg = Release|Any CPU
		{479C2E3E-15D7-480A-B591-E8D9F9BBB53A}.Release|x64.Build.0 = Release|Any CPU
		{479C2E3E-15D7-480A-B591-E8D9F9BBB53A}.Release|x86.ActiveCfg = Release|Any CPU
		{479C2E3E-15D7-480A-B591-E8D9F9BBB53A}.Release|x86.Build.0 = Release|Any CPU
		{57FF51CB-ECE6-44D2-B9E1-C876FAC335B1}.Debug|Any CPU.ActiveCfg = Debug|Win32
		{57FF51CB-ECE6-44D2-B9E1-C876FAC335B1}.Debug|x64.ActiveCfg = Debug|x64
		{57FF51CB-ECE6-44D2-B9E1-C876FAC335B1}.Debug|x64.Build.0 = Debug|x64
		{57FF51CB-ECE6-44D2-B9E1-C876FAC335B1}.Debug|x86.ActiveCfg = Debug|Win32
		{57FF51CB-ECE6-44D2-B9E1-C876FAC335B1}.Debug|x86.Build.0 = Debug|Win32
		{57FF51CB-ECE6-44D2-B9E1-C876FAC335B1}.Release|Any CPU.ActiveCfg = Release|Win32
		{57FF51CB-ECE6-44D2-B9E1-C876FAC335B1}.Release|x64.ActiveCfg = Release|x64
		{57FF51CB-ECE6-44D2-B9E1-C876FAC335B1}.Release|x64.Build.0 = Release|x64
		{57FF51CB-ECE6-44D2-B9E1-C876FAC335B1}.Release|x86.ActiveCfg = Release|Win32
		{57FF51CB-ECE6-44D2-B9E1-C876FAC335B1}.Release|x86.Build.0 = Release|Win32
		{69120198-4EBB-45EF-AE57-544F650AD091}.Debug|Any CPU.ActiveCfg = Debug|Win32
		{69120198-4EBB-45EF-AE57-544F650AD091}.Debug|x64.ActiveCfg = Debug|x64
		{69120198-4EBB-45EF-AE57-544F650AD091}.Debug|x64.Build.0 = Debug|x64
		{69120198-4EBB-45EF-AE57-544F650AD091}.Debug|x86.ActiveCfg = Debug|Win32
		{69120198-4EBB-45EF-AE57-544F650AD091}.Debug|x86.Build.0 = Debug|Win32
		{69120198-4EBB-45EF-AE57-544F650AD091}.Release|Any CPU.ActiveCfg = Release|Win32
		{69120198-4EBB-45EF-AE57-544F650AD091}.Release|x64.ActiveCfg = Release|x64
		{69120198-4EBB-45EF-AE57-544F650AD091}.Release|x64.Build.0 = Release|x64
		{69120198-4EBB-45EF-AE57-544F650AD091}.Release|x86.ActiveCfg = Release|Win32
		{69120198-4EBB-45EF-AE57-544F650AD091}.Release|x86.Build.0 = Release|Win32
		{424C76A2-4E3D-4981-A000-26D05E50850D}.Debug|Any CPU.ActiveCfg = Debug|Any CPU
		{424C76A2-4E3D-4981-A000-26D05E50850D}.Debug|Any CPU.Build.0 = Debug|Any CPU
		{424C76A2-4E3D-4981-A000-26D05E50850D}.Debug|x64.ActiveCfg = Debug|Any CPU
		{424C76A2-4E3D-4981-A000-26D05E50850D}.Debug|x64.Build.0 = Debug|Any CPU
		{424C76A2-4E3D-4981-A000-26D05E50850D}.Debug|x86.ActiveCfg = Debug|Any CPU
		{424C76A2-4E3D-4981-A000-26D05E50850D}.Debug|x86.Build.0 = Debug|Any CPU
		{424C76A2-4E3D-4981-A000-26D05E50850D}.Release|Any CPU.ActiveCfg = Release|Any CPU
		{424C76A2-4E3D-4981-A000-26D05E50850D}.Release|Any CPU.Build.0 = Release|Any CPU
		{424C76A2-4E3D-4981-A000-26D05E50850D}.Release|x64.ActiveCfg = Release|Any CPU
		{424C76A2-4E3D-4981-A000-26D05E50850D}.Release|x64.Build.0 = Release|Any CPU
		{424C76A2-4E3D-4981-A000-26D05E50850D}.Release|x86.ActiveCfg = Release|Any CPU
		{424C76A2-4E3D-4981-A000-26D05E50850D}.Release|x86.Build.0 = Release|Any CPU
		{8A4D1D79-C987-46FE-832B-E09670BB4D8F}.Debug|Any CPU.ActiveCfg = Debug|Win32
		{8A4D1D79-C987-46FE-832B-E09670BB4D8F}.Debug|x64.ActiveCfg = Debug|x64
		{8A4D1D79-C987-46FE-832B-E09670BB4D8F}.Debug|x64.Build.0 = Debug|x64
		{8A4D1D79-C987-46FE-832B-E09670BB4D8F}.Debug|x86.ActiveCfg = Debug|Win32
		{8A4D1D79-C987-46FE-832B-E09670BB4D8F}.Debug|x86.Build.0 = Debug|Win32
		{8A4D1D79-C987-46FE-832B-E09670BB4D8F}.Release|Any CPU.ActiveCfg = Release|Win32
		{8A4D1D79-C987-46FE-832B-E09670BB4D8F}.Release|x64.ActiveCfg = Release|x64
		{8A4D1D79-C987-46FE-832B-E09670BB4D8F}.Release|x64.Build.0 = Release|x64
		{8A4D1D79-C987-46FE-832B-E09670BB4D8F}.Release|x86.ActiveCfg = Release|Win32
		{8A4D1D79-C987-46FE-832B-E09670BB4D8F}.Release|x86.Build.0 = Release|Win32
		{3B49D350-2CBF-4288-841A-90DC91E747B7}.Debug|Any CPU.ActiveCfg = Debug|Win32
		{3B49D350-2CBF-4288-841A-90DC91E747B7}.Debug|x64.ActiveCfg = Debug|x64
		{3B49D350-2CBF-4288-841A-90DC91E747B7}.Debug|x64.Build.0 = Debug|x64
		{3B49D350-2CBF-4288-841A-90DC91E747B7}.Debug|x86.ActiveCfg = Debug|Win32
		{3B49D350-2CBF-4288-841A-90DC91E747B7}.Debug|x86.Build.0 = Debug|Win32
		{3B49D350-2CBF-4288-841A-90DC91E747B7}.Release|Any CPU.ActiveCfg = Release|Win32
		{3B49D350-2CBF-4288-841A-90DC91E747B7}.Release|x64.ActiveCfg = Release|x64
		{3B49D350-2CBF-4288-841A-90DC91E747B7}.Release|x64.Build.0 = Release|x64
		{3B49D350-2CBF-4288-841A-90DC91E747B7}.Release|x86.ActiveCfg = Release|Win32
		{3B49D350-2CBF-4288-841A-90DC91E747B7}.Release|x86.Build.0 = Release|Win32
		{DD3E054D-54A8-4D09-8488-918DDB92705F}.Debug|Any CPU.ActiveCfg = Debug|Win32
		{DD3E054D-54A8-4D09-8488-918DDB92705F}.Debug|x64.ActiveCfg = Debug|x64
		{DD3E054D-54A8-4D09-8488-918DDB92705F}.Debug|x64.Build.0 = Debug|x64
		{DD3E054D-54A8-4D09-8488-918DDB92705F}.Debug|x86.ActiveCfg = Debug|Win32
		{DD3E054D-54A8-4D09-8488-918DDB92705F}.Debug|x86.Build.0 = Debug|Win32
		{DD3E054D-54A8-4D09-8488-918DDB92705F}.Release|Any CPU.ActiveCfg = Release|Win32
		{DD3E054D-54A8-4D09-8488-918DDB92705F}.Release|x64.ActiveCfg = Release|x64
		{DD3E054D-54A8-4D09-8488-918DDB92705F}.Release|x64.Build.0 = Release|x64
		{DD3E054D-54A8-4D09-8488-918DDB92705F}.Release|x86.ActiveCfg = Release|Win32
		{DD3E054D-54A8-4D09-8488-918DDB92705F}.Release|x86.Build.0 = Release|Win32
		{9A109593-6025-441A-AE38-EFF4018CAA23}.Debug|Any CPU.ActiveCfg = Debug|Win32
		{9A109593-6025-441A-AE38-EFF4018CAA23}.Debug|x64.ActiveCfg = Debug|x64
		{9A109593-6025-441A-AE38-EFF4018CAA23}.Debug|x64.Build.0 = Debug|x64
		{9A109593-6025-441A-AE38-EFF4018CAA23}.Debug|x86.ActiveCfg = Debug|Win32
		{9A109593-6025-441A-AE38-EFF4018CAA23}.Debug|x86.Build.0 = Debug|Win32
		{9A109593-6025-441A-AE38-EFF4018CAA23}.Release|Any CPU.ActiveCfg = Release|Win32
		{9A109593-6025-441A-AE38-EFF4018CAA23}.Release|x64.ActiveCfg = Release|x64
		{9A109593-6025-441A-AE38-EFF4018CAA23}.Release|x64.Build.0 = Release|x64
		{9A109593-6025-441A-AE38-EFF4018CAA23}.Release|x86.ActiveCfg = Release|Win32
		{9A109593-6025-441A-AE38-EFF4018CAA23}.Release|x86.Build.0 = Release|Win32
	EndGlobalSection
	GlobalSection(SolutionProperties) = preSolution
		HideSolutionNode = FALSE
	EndGlobalSection
	GlobalSection(ExtensibilityGlobals) = postSolution
		SolutionGuid = {29CCCA23-5B58-468D-80CA-DB0A3BF855C6}
	EndGlobalSection
EndGlobal
